// !$*UTF8*$!
{
	archiveVersion = 1;
	classes = {
	};
	objectVersion = 46;
	objects = {

/* Begin PBXBuildFile section */
		D4D7D9F81F0C600D00113A63 /* AppDelegate.swift in Sources */ = {isa = PBXBuildFile; fileRef = D4D7D9F71F0C600D00113A63 /* AppDelegate.swift */; };
		D4D7D9FA1F0C600D00113A63 /* ViewController.swift in Sources */ = {isa = PBXBuildFile; fileRef = D4D7D9F91F0C600D00113A63 /* ViewController.swift */; };
		D4D7D9FD1F0C600D00113A63 /* Main.storyboard in Resources */ = {isa = PBXBuildFile; fileRef = D4D7D9FB1F0C600D00113A63 /* Main.storyboard */; };
		D4D7D9FF1F0C600D00113A63 /* Assets.xcassets in Resources */ = {isa = PBXBuildFile; fileRef = D4D7D9FE1F0C600D00113A63 /* Assets.xcassets */; };
		D4D7DA021F0C600D00113A63 /* LaunchScreen.storyboard in Resources */ = {isa = PBXBuildFile; fileRef = D4D7DA001F0C600D00113A63 /* LaunchScreen.storyboard */; };
		D4D7DA0D1F0C600D00113A63 /* SelfiGram__1_Tests.swift in Sources */ = {isa = PBXBuildFile; fileRef = D4D7DA0C1F0C600D00113A63 /* SelfiGram__1_Tests.swift */; };
		D4D7DA181F0C600D00113A63 /* SelfiGram__1_UITests.swift in Sources */ = {isa = PBXBuildFile; fileRef = D4D7DA171F0C600D00113A63 /* SelfiGram__1_UITests.swift */; };
/* End PBXBuildFile section */

/* Begin PBXContainerItemProxy section */
		D4D7DA091F0C600D00113A63 /* PBXContainerItemProxy */ = {
			isa = PBXContainerItemProxy;
			containerPortal = D4D7D9EC1F0C600D00113A63 /* Project object */;
			proxyType = 1;
			remoteGlobalIDString = D4D7D9F31F0C600D00113A63;
			remoteInfo = "SelfiGram (1)";
		};
		D4D7DA141F0C600D00113A63 /* PBXContainerItemProxy */ = {
			isa = PBXContainerItemProxy;
			containerPortal = D4D7D9EC1F0C600D00113A63 /* Project object */;
			proxyType = 1;
			remoteGlobalIDString = D4D7D9F31F0C600D00113A63;
			remoteInfo = "SelfiGram (1)";
		};
/* End PBXContainerItemProxy section */

/* Begin PBXFileReference section */
		D4D7D9F41F0C600D00113A63 /* SelfiGram (1).app */ = {isa = PBXFileReference; explicitFileType = wrapper.application; includeInIndex = 0; path = "SelfiGram (1).app"; sourceTree = BUILT_PRODUCTS_DIR; };
		D4D7D9F71F0C600D00113A63 /* AppDelegate.swift */ = {isa = PBXFileReference; lastKnownFileType = sourcecode.swift; path = AppDelegate.swift; sourceTree = "<group>"; };
		D4D7D9F91F0C600D00113A63 /* ViewController.swift */ = {isa = PBXFileReference; lastKnownFileType = sourcecode.swift; path = ViewController.swift; sourceTree = "<group>"; };
		D4D7D9FC1F0C600D00113A63 /* Base */ = {isa = PBXFileReference; lastKnownFileType = file.storyboard; name = Base; path = Base.lproj/Main.storyboard; sourceTree = "<group>"; };
		D4D7D9FE1F0C600D00113A63 /* Assets.xcassets */ = {isa = PBXFileReference; lastKnownFileType = folder.assetcatalog; path = Assets.xcassets; sourceTree = "<group>"; };
		D4D7DA011F0C600D00113A63 /* Base */ = {isa = PBXFileReference; lastKnownFileType = file.storyboard; name = Base; path = Base.lproj/LaunchScreen.storyboard; sourceTree = "<group>"; };
		D4D7DA031F0C600D00113A63 /* Info.plist */ = {isa = PBXFileReference; lastKnownFileType = text.plist.xml; path = Info.plist; sourceTree = "<group>"; };
		D4D7DA081F0C600D00113A63 /* SelfiGram (1)Tests.xctest */ = {isa = PBXFileReference; explicitFileType = wrapper.cfbundle; includeInIndex = 0; path = "SelfiGram (1)Tests.xctest"; sourceTree = BUILT_PRODUCTS_DIR; };
		D4D7DA0C1F0C600D00113A63 /* SelfiGram__1_Tests.swift */ = {isa = PBXFileReference; lastKnownFileType = sourcecode.swift; path = SelfiGram__1_Tests.swift; sourceTree = "<group>"; };
		D4D7DA0E1F0C600D00113A63 /* Info.plist */ = {isa = PBXFileReference; lastKnownFileType = text.plist.xml; path = Info.plist; sourceTree = "<group>"; };
		D4D7DA131F0C600D00113A63 /* SelfiGram (1)UITests.xctest */ = {isa = PBXFileReference; explicitFileType = wrapper.cfbundle; includeInIndex = 0; path = "SelfiGram (1)UITests.xctest"; sourceTree = BUILT_PRODUCTS_DIR; };
		D4D7DA171F0C600D00113A63 /* SelfiGram__1_UITests.swift */ = {isa = PBXFileReference; lastKnownFileType = sourcecode.swift; path = SelfiGram__1_UITests.swift; sourceTree = "<group>"; };
		D4D7DA191F0C600D00113A63 /* Info.plist */ = {isa = PBXFileReference; lastKnownFileType = text.plist.xml; path = Info.plist; sourceTree = "<group>"; };
/* End PBXFileReference section */

/* Begin PBXFrameworksBuildPhase section */
		D4D7D9F11F0C600D00113A63 /* Frameworks */ = {
			isa = PBXFrameworksBuildPhase;
			buildActionMask = 2147483647;
			files = (
			);
			runOnlyForDeploymentPostprocessing = 0;
		};
		D4D7DA051F0C600D00113A63 /* Frameworks */ = {
			isa = PBXFrameworksBuildPhase;
			buildActionMask = 2147483647;
			files = (
			);
			runOnlyForDeploymentPostprocessing = 0;
		};
		D4D7DA101F0C600D00113A63 /* Frameworks */ = {
			isa = PBXFrameworksBuildPhase;
			buildActionMask = 2147483647;
			files = (
			);
			runOnlyForDeploymentPostprocessing = 0;
		};
/* End PBXFrameworksBuildPhase section */

/* Begin PBXGroup section */
		D4D7D9EB1F0C600D00113A63 = {
			isa = PBXGroup;
			children = (
				D4D7D9F61F0C600D00113A63 /* SelfiGram (1) */,
				D4D7DA0B1F0C600D00113A63 /* SelfiGram (1)Tests */,
				D4D7DA161F0C600D00113A63 /* SelfiGram (1)UITests */,
				D4D7D9F51F0C600D00113A63 /* Products */,
			);
			sourceTree = "<group>";
		};
		D4D7D9F51F0C600D00113A63 /* Products */ = {
			isa = PBXGroup;
			children = (
				D4D7D9F41F0C600D00113A63 /* SelfiGram (1).app */,
				D4D7DA081F0C600D00113A63 /* SelfiGram (1)Tests.xctest */,
				D4D7DA131F0C600D00113A63 /* SelfiGram (1)UITests.xctest */,
			);
			name = Products;
			sourceTree = "<group>";
		};
		D4D7D9F61F0C600D00113A63 /* SelfiGram (1) */ = {
			isa = PBXGroup;
			children = (
				D4D7D9F71F0C600D00113A63 /* AppDelegate.swift */,
				D4D7D9F91F0C600D00113A63 /* ViewController.swift */,
				D4D7D9FB1F0C600D00113A63 /* Main.storyboard */,
				D4D7D9FE1F0C600D00113A63 /* Assets.xcassets */,
				D4D7DA001F0C600D00113A63 /* LaunchScreen.storyboard */,
				D4D7DA031F0C600D00113A63 /* Info.plist */,
			);
			path = "SelfiGram (1)";
			sourceTree = "<group>";
		};
		D4D7DA0B1F0C600D00113A63 /* SelfiGram (1)Tests */ = {
			isa = PBXGroup;
			children = (
				D4D7DA0C1F0C600D00113A63 /* SelfiGram__1_Tests.swift */,
				D4D7DA0E1F0C600D00113A63 /* Info.plist */,
			);
			path = "SelfiGram (1)Tests";
			sourceTree = "<group>";
		};
		D4D7DA161F0C600D00113A63 /* SelfiGram (1)UITests */ = {
			isa = PBXGroup;
			children = (
				D4D7DA171F0C600D00113A63 /* SelfiGram__1_UITests.swift */,
				D4D7DA191F0C600D00113A63 /* Info.plist */,
			);
			path = "SelfiGram (1)UITests";
			sourceTree = "<group>";
		};
/* End PBXGroup section */

/* Begin PBXNativeTarget section */
		D4D7D9F31F0C600D00113A63 /* SelfiGram (1) */ = {
			isa = PBXNativeTarget;
			buildConfigurationList = D4D7DA1C1F0C600D00113A63 /* Build configuration list for PBXNativeTarget "SelfiGram (1)" */;
			buildPhases = (
				D4D7D9F01F0C600D00113A63 /* Sources */,
				D4D7D9F11F0C600D00113A63 /* Frameworks */,
				D4D7D9F21F0C600D00113A63 /* Resources */,
			);
			buildRules = (
			);
			dependencies = (
			);
			name = "SelfiGram (1)";
			productName = "SelfiGram (1)";
			productReference = D4D7D9F41F0C600D00113A63 /* SelfiGram (1).app */;
			productType = "com.apple.product-type.application";
		};
		D4D7DA071F0C600D00113A63 /* SelfiGram (1)Tests */ = {
			isa = PBXNativeTarget;
			buildConfigurationList = D4D7DA1F1F0C600D00113A63 /* Build configuration list for PBXNativeTarget "SelfiGram (1)Tests" */;
			buildPhases = (
				D4D7DA041F0C600D00113A63 /* Sources */,
				D4D7DA051F0C600D00113A63 /* Frameworks */,
				D4D7DA061F0C600D00113A63 /* Resources */,
			);
			buildRules = (
			);
			dependencies = (
				D4D7DA0A1F0C600D00113A63 /* PBXTargetDependency */,
			);
			name = "SelfiGram (1)Tests";
			productName = "SelfiGram (1)Tests";
			productReference = D4D7DA081F0C600D00113A63 /* SelfiGram (1)Tests.xctest */;
			productType = "com.apple.product-type.bundle.unit-test";
		};
		D4D7DA121F0C600D00113A63 /* SelfiGram (1)UITests */ = {
			isa = PBXNativeTarget;
			buildConfigurationList = D4D7DA221F0C600D00113A63 /* Build configuration list for PBXNativeTarget "SelfiGram (1)UITests" */;
			buildPhases = (
				D4D7DA0F1F0C600D00113A63 /* Sources */,
				D4D7DA101F0C600D00113A63 /* Frameworks */,
				D4D7DA111F0C600D00113A63 /* Resources */,
			);
			buildRules = (
			);
			dependencies = (
				D4D7DA151F0C600D00113A63 /* PBXTargetDependency */,
			);
			name = "SelfiGram (1)UITests";
			productName = "SelfiGram (1)UITests";
			productReference = D4D7DA131F0C600D00113A63 /* SelfiGram (1)UITests.xctest */;
			productType = "com.apple.product-type.bundle.ui-testing";
		};
/* End PBXNativeTarget section */

/* Begin PBXProject section */
		D4D7D9EC1F0C600D00113A63 /* Project object */ = {
			isa = PBXProject;
			attributes = {
				LastSwiftUpdateCheck = 0730;
				LastUpgradeCheck = 0730;
				ORGANIZATIONNAME = "Chriscelle Dela Cruz";
				TargetAttributes = {
					D4D7D9F31F0C600D00113A63 = {
						CreatedOnToolsVersion = 7.3.1;
					};
					D4D7DA071F0C600D00113A63 = {
						CreatedOnToolsVersion = 7.3.1;
						TestTargetID = D4D7D9F31F0C600D00113A63;
					};
					D4D7DA121F0C600D00113A63 = {
						CreatedOnToolsVersion = 7.3.1;
						TestTargetID = D4D7D9F31F0C600D00113A63;
					};
				};
			};
			buildConfigurationList = D4D7D9EF1F0C600D00113A63 /* Build configuration list for PBXProject "SelfiGram (1)" */;
			compatibilityVersion = "Xcode 3.2";
			developmentRegion = English;
			hasScannedForEncodings = 0;
			knownRegions = (
				en,
				Base,
			);
			mainGroup = D4D7D9EB1F0C600D00113A63;
			productRefGroup = D4D7D9F51F0C600D00113A63 /* Products */;
			projectDirPath = "";
			projectRoot = "";
			targets = (
				D4D7D9F31F0C600D00113A63 /* SelfiGram (1) */,
				D4D7DA071F0C600D00113A63 /* SelfiGram (1)Tests */,
				D4D7DA121F0C600D00113A63 /* SelfiGram (1)UITests */,
			);
		};
/* End PBXProject section */

/* Begin PBXResourcesBuildPhase section */
		D4D7D9F21F0C600D00113A63 /* Resources */ = {
			isa = PBXResourcesBuildPhase;
			buildActionMask = 2147483647;
			files = (
				D4D7DA021F0C600D00113A63 /* LaunchScreen.storyboard in Resources */,
				D4D7D9FF1F0C600D00113A63 /* Assets.xcassets in Resources */,
				D4D7D9FD1F0C600D00113A63 /* Main.storyboard in Resources */,
			);
			runOnlyForDeploymentPostprocessing = 0;
		};
		D4D7DA061F0C600D00113A63 /* Resources */ = {
			isa = PBXResourcesBuildPhase;
			buildActionMask = 2147483647;
			files = (
			);
			runOnlyForDeploymentPostprocessing = 0;
		};
		D4D7DA111F0C600D00113A63 /* Resources */ = {
			isa = PBXResourcesBuildPhase;
			buildActionMask = 2147483647;
			files = (
			);
			runOnlyForDeploymentPostprocessing = 0;
		};
/* End PBXResourcesBuildPhase section */

/* Begin PBXSourcesBuildPhase section */
		D4D7D9F01F0C600D00113A63 /* Sources */ = {
			isa = PBXSourcesBuildPhase;
			buildActionMask = 2147483647;
			files = (
				D4D7D9FA1F0C600D00113A63 /* ViewController.swift in Sources */,
				D4D7D9F81F0C600D00113A63 /* AppDelegate.swift in Sources */,
			);
			runOnlyForDeploymentPostprocessing = 0;
		};
		D4D7DA041F0C600D00113A63 /* Sources */ = {
			isa = PBXSourcesBuildPhase;
			buildActionMask = 2147483647;
			files = (
				D4D7DA0D1F0C600D00113A63 /* SelfiGram__1_Tests.swift in Sources */,
			);
			runOnlyForDeploymentPostprocessing = 0;
		};
		D4D7DA0F1F0C600D00113A63 /* Sources */ = {
			isa = PBXSourcesBuildPhase;
			buildActionMask = 2147483647;
			files = (
				D4D7DA181F0C600D00113A63 /* SelfiGram__1_UITests.swift in Sources */,
			);
			runOnlyForDeploymentPostprocessing = 0;
		};
/* End PBXSourcesBuildPhase section */

/* Begin PBXTargetDependency section */
		D4D7DA0A1F0C600D00113A63 /* PBXTargetDependency */ = {
			isa = PBXTargetDependency;
			target = D4D7D9F31F0C600D00113A63 /* SelfiGram (1) */;
			targetProxy = D4D7DA091F0C600D00113A63 /* PBXContainerItemProxy */;
		};
		D4D7DA151F0C600D00113A63 /* PBXTargetDependency */ = {
			isa = PBXTargetDependency;
			target = D4D7D9F31F0C600D00113A63 /* SelfiGram (1) */;
			targetProxy = D4D7DA141F0C600D00113A63 /* PBXContainerItemProxy */;
		};
/* End PBXTargetDependency section */

/* Begin PBXVariantGroup section */
		D4D7D9FB1F0C600D00113A63 /* Main.storyboard */ = {
			isa = PBXVariantGroup;
			children = (
				D4D7D9FC1F0C600D00113A63 /* Base */,
			);
			name = Main.storyboard;
			sourceTree = "<group>";
		};
		D4D7DA001F0C600D00113A63 /* LaunchScreen.storyboard */ = {
			isa = PBXVariantGroup;
			children = (
				D4D7DA011F0C600D00113A63 /* Base */,
			);
			name = LaunchScreen.storyboard;
			sourceTree = "<group>";
		};
/* End PBXVariantGroup section */

/* Begin XCBuildConfiguration section */
		D4D7DA1A1F0C600D00113A63 /* Debug */ = {
			isa = XCBuildConfiguration;
			buildSettings = {
				ALWAYS_SEARCH_USER_PATHS = NO;
				CLANG_ANALYZER_NONNULL = YES;
				CLANG_CXX_LANGUAGE_STANDARD = "gnu++0x";
				CLANG_CXX_LIBRARY = "libc++";
				CLANG_ENABLE_MODULES = YES;
				CLANG_ENABLE_OBJC_ARC = YES;
				CLANG_WARN_BOOL_CONVERSION = YES;
				CLANG_WARN_CONSTANT_CONVERSION = YES;
				CLANG_WARN_DIRECT_OBJC_ISA_USAGE = YES_ERROR;
				CLANG_WARN_EMPTY_BODY = YES;
				CLANG_WARN_ENUM_CONVERSION = YES;
				CLANG_WARN_INT_CONVERSION = YES;
				CLANG_WARN_OBJC_ROOT_CLASS = YES_ERROR;
				CLANG_WARN_UNREACHABLE_CODE = YES;
				CLANG_WARN__DUPLICATE_METHOD_MATCH = YES;
				"CODE_SIGN_IDENTITY[sdk=iphoneos*]" = "iPhone Developer";
				COPY_PHASE_STRIP = NO;
				DEBUG_INFORMATION_FORMAT = dwarf;
				ENABLE_STRICT_OBJC_MSGSEND = YES;
				ENABLE_TESTABILITY = YES;
				GCC_C_LANGUAGE_STANDARD = gnu99;
				GCC_DYNAMIC_NO_PIC = NO;
				GCC_NO_COMMON_BLOCKS = YES;
				GCC_OPTIMIZATION_LEVEL = 0;
				GCC_PREPROCESSOR_DEFINITIONS = (
					"DEBUG=1",
					"$(inherited)",
				);
				GCC_WARN_64_TO_32_BIT_CONVERSION = YES;
				GCC_WARN_ABOUT_RETURN_TYPE = YES_ERROR;
				GCC_WARN_UNDECLARED_SELECTOR = YES;
				GCC_WARN_UNINITIALIZED_AUTOS = YES_AGGRESSIVE;
				GCC_WARN_UNUSED_FUNCTION = YES;
				GCC_WARN_UNUSED_VARIABLE = YES;
				IPHONEOS_DEPLOYMENT_TARGET = 9.3;
				MTL_ENABLE_DEBUG_INFO = YES;
				ONLY_ACTIVE_ARCH = YES;
				SDKROOT = iphoneos;
				SWIFT_OPTIMIZATION_LEVEL = "-Onone";
			};
			name = Debug;
		};
		D4D7DA1B1F0C600D00113A63 /* Release */ = {
			isa = XCBuildConfiguration;
			buildSettings = {
				ALWAYS_SEARCH_USER_PATHS = NO;
				CLANG_ANALYZER_NONNULL = YES;
				CLANG_CXX_LANGUAGE_STANDARD = "gnu++0x";
				CLANG_CXX_LIBRARY = "libc++";
				CLANG_ENABLE_MODULES = YES;
				CLANG_ENABLE_OBJC_ARC = YES;
				CLANG_WARN_BOOL_CONVERSION = YES;
				CLANG_WARN_CONSTANT_CONVERSION = YES;
				CLANG_WARN_DIRECT_OBJC_ISA_USAGE = YES_ERROR;
				CLANG_WARN_EMPTY_BODY = YES;
				CLANG_WARN_ENUM_CONVERSION = YES;
				CLANG_WARN_INT_CONVERSION = YES;
				CLANG_WARN_OBJC_ROOT_CLASS = YES_ERROR;
				CLANG_WARN_UNREACHABLE_CODE = YES;
				CLANG_WARN__DUPLICATE_METHOD_MATCH = YES;
				"CODE_SIGN_IDENTITY[sdk=iphoneos*]" = "iPhone Developer";
				COPY_PHASE_STRIP = NO;
				DEBUG_INFORMATION_FORMAT = "dwarf-with-dsym";
				ENABLE_NS_ASSERTIONS = NO;
				ENABLE_STRICT_OBJC_MSGSEND = YES;
				GCC_C_LANGUAGE_STANDARD = gnu99;
				GCC_NO_COMMON_BLOCKS = YES;
				GCC_WARN_64_TO_32_BIT_CONVERSION = YES;
				GCC_WARN_ABOUT_RETURN_TYPE = YES_ERROR;
				GCC_WARN_UNDECLARED_SELECTOR = YES;
				GCC_WARN_UNINITIALIZED_AUTOS = YES_AGGRESSIVE;
				GCC_WARN_UNUSED_FUNCTION = YES;
				GCC_WARN_UNUSED_VARIABLE = YES;
				IPHONEOS_DEPLOYMENT_TARGET = 9.3;
				MTL_ENABLE_DEBUG_INFO = NO;
				SDKROOT = iphoneos;
				VALIDATE_PRODUCT = YES;
			};
			name = Release;
		};
		D4D7DA1D1F0C600D00113A63 /* Debug */ = {
			isa = XCBuildConfiguration;
			buildSettings = {
				ASSETCATALOG_COMPILER_APPICON_NAME = AppIcon;
				INFOPLIST_FILE = "SelfiGram (1)/Info.plist";
				LD_RUNPATH_SEARCH_PATHS = "$(inherited) @executable_path/Frameworks";
				PRODUCT_BUNDLE_IDENTIFIER = "com.hello.SelfiGram--1-";
				PRODUCT_NAME = "$(TARGET_NAME)";
			};
			name = Debug;
		};
		D4D7DA1E1F0C600D00113A63 /* Release */ = {
			isa = XCBuildConfiguration;
			buildSettings = {
				ASSETCATALOG_COMPILER_APPICON_NAME = AppIcon;
				INFOPLIST_FILE = "SelfiGram (1)/Info.plist";
				LD_RUNPATH_SEARCH_PATHS = "$(inherited) @executable_path/Frameworks";
				PRODUCT_BUNDLE_IDENTIFIER = "com.hello.SelfiGram--1-";
				PRODUCT_NAME = "$(TARGET_NAME)";
			};
			name = Release;
		};
		D4D7DA201F0C600D00113A63 /* Debug */ = {
			isa = XCBuildConfiguration;
			buildSettings = {
				BUNDLE_LOADER = "$(TEST_HOST)";
				INFOPLIST_FILE = "SelfiGram (1)Tests/Info.plist";
				LD_RUNPATH_SEARCH_PATHS = "$(inherited) @executable_path/Frameworks @loader_path/Frameworks";
				PRODUCT_BUNDLE_IDENTIFIER = "com.hello.SelfiGram--1-Tests";
				PRODUCT_NAME = "$(TARGET_NAME)";
				TEST_HOST = "$(BUILT_PRODUCTS_DIR)/SelfiGram (1).app/SelfiGram (1)";
			};
			name = Debug;
		};
		D4D7DA211F0C600D00113A63 /* Release */ = {
			isa = XCBuildConfiguration;
			buildSettings = {
				BUNDLE_LOADER = "$(TEST_HOST)";
				INFOPLIST_FILE = "SelfiGram (1)Tests/Info.plist";
				LD_RUNPATH_SEARCH_PATHS = "$(inherited) @executable_path/Frameworks @loader_path/Frameworks";
				PRODUCT_BUNDLE_IDENTIFIER = "com.hello.SelfiGram--1-Tests";
				PRODUCT_NAME = "$(TARGET_NAME)";
				TEST_HOST = "$(BUILT_PRODUCTS_DIR)/SelfiGram (1).app/SelfiGram (1)";
			};
			name = Release;
		};
		D4D7DA231F0C600D00113A63 /* Debug */ = {
			isa = XCBuildConfiguration;
			buildSettings = {
				INFOPLIST_FILE = "SelfiGram (1)UITests/Info.plist";
				LD_RUNPATH_SEARCH_PATHS = "$(inherited) @executable_path/Frameworks @loader_path/Frameworks";
				PRODUCT_BUNDLE_IDENTIFIER = "com.hello.SelfiGram--1-UITests";
				PRODUCT_NAME = "$(TARGET_NAME)";
				TEST_TARGET_NAME = "SelfiGram (1)";
			};
			name = Debug;
		};
		D4D7DA241F0C600D00113A63 /* Release */ = {
			isa = XCBuildConfiguration;
			buildSettings = {
				INFOPLIST_FILE = "SelfiGram (1)UITests/Info.plist";
				LD_RUNPATH_SEARCH_PATHS = "$(inherited) @executable_path/Frameworks @loader_path/Frameworks";
				PRODUCT_BUNDLE_IDENTIFIER = "com.hello.SelfiGram--1-UITests";
				PRODUCT_NAME = "$(TARGET_NAME)";
				TEST_TARGET_NAME = "SelfiGram (1)";
			};
			name = Release;
		};
/* End XCBuildConfiguration section */

/* Begin XCConfigurationList section */
		D4D7D9EF1F0C600D00113A63 /* Build configuration list for PBXProject "SelfiGram (1)" */ = {
			isa = XCConfigurationList;
			buildConfigurations = (
				D4D7DA1A1F0C600D00113A63 /* Debug */,
				D4D7DA1B1F0C600D00113A63 /* Release */,
			);
			defaultConfigurationIsVisible = 0;
			defaultConfigurationName = Release;
		};
		D4D7DA1C1F0C600D00113A63 /* Build configuration list for PBXNativeTarget "SelfiGram (1)" */ = {
			isa = XCConfigurationList;
			buildConfigurations = (
				D4D7DA1D1F0C600D00113A63 /* Debug */,
				D4D7DA1E1F0C600D00113A63 /* Release */,
			);
			defaultConfigurationIsVisible = 0;
		};
		D4D7DA1F1F0C600D00113A63 /* Build configuration list for PBXNativeTarget "SelfiGram (1)Tests" */ = {
			isa = XCConfigurationList;
			buildConfigurations = (
				D4D7DA201F0C600D00113A63 /* Debug */,
				D4D7DA211F0C600D00113A63 /* Release */,
			);
			defaultConfigurationIsVisible = 0;
		};
		D4D7DA221F0C600D00113A63 /* Build configuration list for PBXNativeTarget "SelfiGram (1)UITests" */ = {
			isa = XCConfigurationList;
			buildConfigurations = (
				D4D7DA231F0C600D00113A63 /* Debug */,
				D4D7DA241F0C600D00113A63 /* Release */,
			);
			defaultConfigurationIsVisible = 0;
		};
/* End XCConfigurationList section */
	};
	rootObject = D4D7D9EC1F0C600D00113A63 /* Project object */;
}
